
Microsoft Visual Studio Solution File, Format Version 12.00
# Visual Studio Version 16
VisualStudioVersion = 16.0.31112.23
MinimumVisualStudioVersion = 10.0.40219.1
Project("{9A19103F-16F7-4668-BE54-9A1E7A4F7556}") = "Sample.WebMVC", "Sample.WebMVC\Sample.WebMVC.csproj", "{E547C6A3-A74F-44A9-89A4-9D5112E93B1E}"
EndProject
Project("{9A19103F-16F7-4668-BE54-9A1E7A4F7556}") = "Sample.Core", "Sample.Core\Sample.Core.csproj", "{FB71CEDD-8AB1-4991-B726-D766F742C40A}"
EndProject
Project("{9A19103F-16F7-4668-BE54-9A1E7A4F7556}") = "Sample.Infrastructure", "Sample.Infrastructure\Sample.Infrastructure.csproj", "{9CE85DFC-3C1B-43AA-BCC6-F7EB2CF35F5B}"
EndProject
Project("{FAE04EC0-301F-11D3-BF4B-00C04F79EFBC}") = "Sample.Core.Test", "Sample.Core.Test\Sample.Core.Test.csproj", "{CE6CB1CF-354C-40A1-B031-EBD303C3799B}"
EndProject
Global
	GlobalSection(SolutionConfigurationPlatforms) = preSolution
		Debug|Any CPU = Debug|Any CPU
		Release|Any CPU = Release|Any CPU
	EndGlobalSection
	GlobalSection(ProjectConfigurationPlatforms) = postSolution
		{E547C6A3-A74F-44A9-89A4-9D5112E93B1E}.Debug|Any CPU.ActiveCfg = Debug|Any CPU
		{E547C6A3-A74F-44A9-89A4-9D5112E93B1E}.Debug|Any CPU.Build.0 = Debug|Any CPU
		{E547C6A3-A74F-44A9-89A4-9D5112E93B1E}.Release|Any CPU.ActiveCfg = Release|Any CPU
		{E547C6A3-A74F-44A9-89A4-9D5112E93B1E}.Release|Any CPU.Build.0 = Release|Any CPU
		{FB71CEDD-8AB1-4991-B726-D766F742C40A}.Debug|Any CPU.ActiveCfg = Debug|Any CPU
		{FB71CEDD-8AB1-4991-B726-D766F742C40A}.Debug|Any CPU.Build.0 = Debug|Any CPU
		{FB71CEDD-8AB1-4991-B726-D766F742C40A}.Release|Any CPU.ActiveCfg = Release|Any CPU
		{FB71CEDD-8AB1-4991-B726-D766F742C40A}.Release|Any CPU.Build.0 = Release|Any CPU
		{9CE85DFC-3C1B-43AA-BCC6-F7EB2CF35F5B}.Debug|Any CPU.ActiveCfg = Debug|Any CPU
		{9CE85DFC-3C1B-43AA-BCC6-F7EB2CF35F5B}.Debug|Any CPU.Build.0 = Debug|Any CPU
		{9CE85DFC-3C1B-43AA-BCC6-F7EB2CF35F5B}.Release|Any CPU.ActiveCfg = Release|Any CPU
		{9CE85DFC-3C1B-43AA-BCC6-F7EB2CF35F5B}.Release|Any CPU.Build.0 = Release|Any CPU
		{CE6CB1CF-354C-40A1-B031-EBD303C3799B}.Debug|Any CPU.ActiveCfg = Debug|Any CPU
		{CE6CB1CF-354C-40A1-B031-EBD303C3799B}.Debug|Any CPU.Build.0 = Debug|Any CPU
		{CE6CB1CF-354C-40A1-B031-EBD303C3799B}.Release|Any CPU.ActiveCfg = Release|Any CPU
		{CE6CB1CF-354C-40A1-B031-EBD303C3799B}.Release|Any CPU.Build.0 = Release|Any CPU
	EndGlobalSection
	GlobalSection(SolutionProperties) = preSolution
		HideSolutionNode = FALSE
	EndGlobalSection
	GlobalSection(ExtensibilityGlobals) = postSolution
		SolutionGuid = {ADE88BD9-9CDA-4257-BE97-D99001B71C9B}
	EndGlobalSection
EndGlobal
